// !$*UTF8*$!
{
	archiveVersion = 1;
	classes = {
	};
	objectVersion = 46;
	objects = {

/* Begin PBXBuildFile section */
		560C1EDC280A44B596652BA7 /* libPods-CoreData-Typhoon-iOSTests.a in Frameworks */ = {isa = PBXBuildFile; fileRef = C791C65AA01448BBB765E790 /* libPods-CoreData-Typhoon-iOSTests.a */; };
		6A2A6C47190FE4BC00811BBF /* Foundation.framework in Frameworks */ = {isa = PBXBuildFile; fileRef = 6A2A6C46190FE4BC00811BBF /* Foundation.framework */; };
		6A2A6C49190FE4BC00811BBF /* CoreGraphics.framework in Frameworks */ = {isa = PBXBuildFile; fileRef = 6A2A6C48190FE4BC00811BBF /* CoreGraphics.framework */; };
		6A2A6C4B190FE4BC00811BBF /* UIKit.framework in Frameworks */ = {isa = PBXBuildFile; fileRef = 6A2A6C4A190FE4BC00811BBF /* UIKit.framework */; };
		6A2A6C4D190FE4BC00811BBF /* CoreData.framework in Frameworks */ = {isa = PBXBuildFile; fileRef = 6A2A6C4C190FE4BC00811BBF /* CoreData.framework */; };
		6A2A6C53190FE4BC00811BBF /* InfoPlist.strings in Resources */ = {isa = PBXBuildFile; fileRef = 6A2A6C51190FE4BC00811BBF /* InfoPlist.strings */; };
		6A2A6C55190FE4BC00811BBF /* main.m in Sources */ = {isa = PBXBuildFile; fileRef = 6A2A6C54190FE4BC00811BBF /* main.m */; };
		6A2A6C59190FE4BC00811BBF /* CTAppDelegate.m in Sources */ = {isa = PBXBuildFile; fileRef = 6A2A6C58190FE4BC00811BBF /* CTAppDelegate.m */; };
		6A2A6C5C190FE4BC00811BBF /* CoreData_Typhoon_iOS.xcdatamodeld in Sources */ = {isa = PBXBuildFile; fileRef = 6A2A6C5A190FE4BC00811BBF /* CoreData_Typhoon_iOS.xcdatamodeld */; };
		6A2A6C5E190FE4BC00811BBF /* Images.xcassets in Resources */ = {isa = PBXBuildFile; fileRef = 6A2A6C5D190FE4BC00811BBF /* Images.xcassets */; };
		6A2A6C65190FE4BC00811BBF /* XCTest.framework in Frameworks */ = {isa = PBXBuildFile; fileRef = 6A2A6C64190FE4BC00811BBF /* XCTest.framework */; };
		6A2A6C66190FE4BC00811BBF /* Foundation.framework in Frameworks */ = {isa = PBXBuildFile; fileRef = 6A2A6C46190FE4BC00811BBF /* Foundation.framework */; };
		6A2A6C67190FE4BC00811BBF /* UIKit.framework in Frameworks */ = {isa = PBXBuildFile; fileRef = 6A2A6C4A190FE4BC00811BBF /* UIKit.framework */; };
		6A2A6C68190FE4BC00811BBF /* CoreData.framework in Frameworks */ = {isa = PBXBuildFile; fileRef = 6A2A6C4C190FE4BC00811BBF /* CoreData.framework */; };
		6A2A6C70190FE4BC00811BBF /* InfoPlist.strings in Resources */ = {isa = PBXBuildFile; fileRef = 6A2A6C6E190FE4BC00811BBF /* InfoPlist.strings */; };
		6A2A6C72190FE4BC00811BBF /* CoreData_Typhoon_iOSTests.m in Sources */ = {isa = PBXBuildFile; fileRef = 6A2A6C71190FE4BC00811BBF /* CoreData_Typhoon_iOSTests.m */; };
		6A2A6C7D190FE61600811BBF /* CTiOSCoreDataAssembly.m in Sources */ = {isa = PBXBuildFile; fileRef = 6A2A6C7C190FE61600811BBF /* CTiOSCoreDataAssembly.m */; };
		6A2A6C7E190FE61600811BBF /* CTiOSCoreDataAssembly.m in Sources */ = {isa = PBXBuildFile; fileRef = 6A2A6C7C190FE61600811BBF /* CTiOSCoreDataAssembly.m */; };
		6A2A6C80190FE63500811BBF /* Configuration.properties in Resources */ = {isa = PBXBuildFile; fileRef = 6A2A6C7F190FE63500811BBF /* Configuration.properties */; };
		6A2A6C81190FE63500811BBF /* Configuration.properties in Resources */ = {isa = PBXBuildFile; fileRef = 6A2A6C7F190FE63500811BBF /* Configuration.properties */; };
		80154A6886574CC58BF8C33C /* libPods.a in Frameworks */ = {isa = PBXBuildFile; fileRef = 536B1792A68A49ACBC4B0FA1 /* libPods.a */; };
		CB87625224186C5392F37310 /* CoreData_Typhoon_iOS.xcdatamodeld in Sources */ = {isa = PBXBuildFile; fileRef = 6A2A6C5A190FE4BC00811BBF /* CoreData_Typhoon_iOS.xcdatamodeld */; };
/* End PBXBuildFile section */

/* Begin PBXContainerItemProxy section */
		6A2A6C69190FE4BC00811BBF /* PBXContainerItemProxy */ = {
			isa = PBXContainerItemProxy;
			containerPortal = 6A2A6C3B190FE4BC00811BBF /* Project object */;
			proxyType = 1;
			remoteGlobalIDString = 6A2A6C42190FE4BC00811BBF;
			remoteInfo = "CoreData-Typhoon-iOS";
		};
/* End PBXContainerItemProxy section */

/* Begin PBXFileReference section */
		39054A9990DF400486BE1A9F /* Pods.xcconfig */ = {isa = PBXFileReference; includeInIndex = 1; lastKnownFileType = text.xcconfig; name = Pods.xcconfig; path = Pods/Pods.xcconfig; sourceTree = "<group>"; };
		4586701C405449E39BCC8158 /* Pods-CoreData-Typhoon-iOSTests.xcconfig */ = {isa = PBXFileReference; includeInIndex = 1; lastKnownFileType = text.xcconfig; name = "Pods-CoreData-Typhoon-iOSTests.xcconfig"; path = "Pods/Pods-CoreData-Typhoon-iOSTests.xcconfig"; sourceTree = "<group>"; };
		536B1792A68A49ACBC4B0FA1 /* libPods.a */ = {isa = PBXFileReference; explicitFileType = archive.ar; includeInIndex = 0; path = libPods.a; sourceTree = BUILT_PRODUCTS_DIR; };
		6A2A6C43190FE4BC00811BBF /* CoreData-Typhoon-iOS.app */ = {isa = PBXFileReference; explicitFileType = wrapper.application; includeInIndex = 0; path = "CoreData-Typhoon-iOS.app"; sourceTree = BUILT_PRODUCTS_DIR; };
		6A2A6C46190FE4BC00811BBF /* Foundation.framework */ = {isa = PBXFileReference; lastKnownFileType = wrapper.framework; name = Foundation.framework; path = System/Library/Frameworks/Foundation.framework; sourceTree = SDKROOT; };
		6A2A6C48190FE4BC00811BBF /* CoreGraphics.framework */ = {isa = PBXFileReference; lastKnownFileType = wrapper.framework; name = CoreGraphics.framework; path = System/Library/Frameworks/CoreGraphics.framework; sourceTree = SDKROOT; };
		6A2A6C4A190FE4BC00811BBF /* UIKit.framework */ = {isa = PBXFileReference; lastKnownFileType = wrapper.framework; name = UIKit.framework; path = System/Library/Frameworks/UIKit.framework; sourceTree = SDKROOT; };
		6A2A6C4C190FE4BC00811BBF /* CoreData.framework */ = {isa = PBXFileReference; lastKnownFileType = wrapper.framework; name = CoreData.framework; path = System/Library/Frameworks/CoreData.framework; sourceTree = SDKROOT; };
		6A2A6C50190FE4BC00811BBF /* CoreData-Typhoon-iOS-Info.plist */ = {isa = PBXFileReference; lastKnownFileType = text.plist.xml; path = "CoreData-Typhoon-iOS-Info.plist"; sourceTree = "<group>"; };
		6A2A6C52190FE4BC00811BBF /* en */ = {isa = PBXFileReference; lastKnownFileType = text.plist.strings; name = en; path = en.lproj/InfoPlist.strings; sourceTree = "<group>"; };
		6A2A6C54190FE4BC00811BBF /* main.m */ = {isa = PBXFileReference; lastKnownFileType = sourcecode.c.objc; path = main.m; sourceTree = "<group>"; };
		6A2A6C56190FE4BC00811BBF /* CoreData-Typhoon-iOS-Prefix.pch */ = {isa = PBXFileReference; lastKnownFileType = sourcecode.c.h; path = "CoreData-Typhoon-iOS-Prefix.pch"; sourceTree = "<group>"; };
		6A2A6C57190FE4BC00811BBF /* CTAppDelegate.h */ = {isa = PBXFileReference; lastKnownFileType = sourcecode.c.h; path = CTAppDelegate.h; sourceTree = "<group>"; };
		6A2A6C58190FE4BC00811BBF /* CTAppDelegate.m */ = {isa = PBXFileReference; lastKnownFileType = sourcecode.c.objc; path = CTAppDelegate.m; sourceTree = "<group>"; };
		6A2A6C5B190FE4BC00811BBF /* CoreData_Typhoon_iOS.xcdatamodel */ = {isa = PBXFileReference; lastKnownFileType = wrapper.xcdatamodel; path = CoreData_Typhoon_iOS.xcdatamodel; sourceTree = "<group>"; };
		6A2A6C5D190FE4BC00811BBF /* Images.xcassets */ = {isa = PBXFileReference; lastKnownFileType = folder.assetcatalog; path = Images.xcassets; sourceTree = "<group>"; };
		6A2A6C63190FE4BC00811BBF /* CoreData-Typhoon-iOSTests.xctest */ = {isa = PBXFileReference; explicitFileType = wrapper.cfbundle; includeInIndex = 0; path = "CoreData-Typhoon-iOSTests.xctest"; sourceTree = BUILT_PRODUCTS_DIR; };
		6A2A6C64190FE4BC00811BBF /* XCTest.framework */ = {isa = PBXFileReference; lastKnownFileType = wrapper.framework; name = XCTest.framework; path = Library/Frameworks/XCTest.framework; sourceTree = DEVELOPER_DIR; };
		6A2A6C6D190FE4BC00811BBF /* CoreData-Typhoon-iOSTests-Info.plist */ = {isa = PBXFileReference; lastKnownFileType = text.plist.xml; path = "CoreData-Typhoon-iOSTests-Info.plist"; sourceTree = "<group>"; };
		6A2A6C6F190FE4BC00811BBF /* en */ = {isa = PBXFileReference; lastKnownFileType = text.plist.strings; name = en; path = en.lproj/InfoPlist.strings; sourceTree = "<group>"; };
		6A2A6C71190FE4BC00811BBF /* CoreData_Typhoon_iOSTests.m */ = {isa = PBXFileReference; lastKnownFileType = sourcecode.c.objc; path = CoreData_Typhoon_iOSTests.m; sourceTree = "<group>"; };
		6A2A6C7B190FE61600811BBF /* CTiOSCoreDataAssembly.h */ = {isa = PBXFileReference; fileEncoding = 4; lastKnownFileType = sourcecode.c.h; path = CTiOSCoreDataAssembly.h; sourceTree = "<group>"; };
		6A2A6C7C190FE61600811BBF /* CTiOSCoreDataAssembly.m */ = {isa = PBXFileReference; fileEncoding = 4; lastKnownFileType = sourcecode.c.objc; path = CTiOSCoreDataAssembly.m; sourceTree = "<group>"; };
		6A2A6C7F190FE63500811BBF /* Configuration.properties */ = {isa = PBXFileReference; fileEncoding = 4; lastKnownFileType = text; path = Configuration.properties; sourceTree = "<group>"; };
		C791C65AA01448BBB765E790 /* libPods-CoreData-Typhoon-iOSTests.a */ = {isa = PBXFileReference; explicitFileType = archive.ar; includeInIndex = 0; path = "libPods-CoreData-Typhoon-iOSTests.a"; sourceTree = BUILT_PRODUCTS_DIR; };
		CB87675B8DAF4D470DCAC107 /* Podfile */ = {isa = PBXFileReference; fileEncoding = 4; lastKnownFileType = text; name = Podfile; path = ../Podfile; sourceTree = "<group>"; };
/* End PBXFileReference section */

/* Begin PBXFrameworksBuildPhase section */
		6A2A6C40190FE4BC00811BBF /* Frameworks */ = {
			isa = PBXFrameworksBuildPhase;
			buildActionMask = 2147483647;
			files = (
				6A2A6C49190FE4BC00811BBF /* CoreGraphics.framework in Frameworks */,
				6A2A6C4D190FE4BC00811BBF /* CoreData.framework in Frameworks */,
				6A2A6C4B190FE4BC00811BBF /* UIKit.framework in Frameworks */,
				6A2A6C47190FE4BC00811BBF /* Foundation.framework in Frameworks */,
				80154A6886574CC58BF8C33C /* libPods.a in Frameworks */,
			);
			runOnlyForDeploymentPostprocessing = 0;
		};
		6A2A6C60190FE4BC00811BBF /* Frameworks */ = {
			isa = PBXFrameworksBuildPhase;
			buildActionMask = 2147483647;
			files = (
				6A2A6C65190FE4BC00811BBF /* XCTest.framework in Frameworks */,
				6A2A6C68190FE4BC00811BBF /* CoreData.framework in Frameworks */,
				6A2A6C67190FE4BC00811BBF /* UIKit.framework in Frameworks */,
				6A2A6C66190FE4BC00811BBF /* Foundation.framework in Frameworks */,
				560C1EDC280A44B596652BA7 /* libPods-CoreData-Typhoon-iOSTests.a in Frameworks */,
			);
			runOnlyForDeploymentPostprocessing = 0;
		};
/* End PBXFrameworksBuildPhase section */

/* Begin PBXGroup section */
		6A2A6C3A190FE4BC00811BBF = {
			isa = PBXGroup;
			children = (
				6A2A6C4E190FE4BC00811BBF /* CoreData-Typhoon-iOS */,
				6A2A6C6B190FE4BC00811BBF /* CoreData-Typhoon-iOSTests */,
				6A2A6C45190FE4BC00811BBF /* Frameworks */,
				6A2A6C44190FE4BC00811BBF /* Products */,
				39054A9990DF400486BE1A9F /* Pods.xcconfig */,
				4586701C405449E39BCC8158 /* Pods-CoreData-Typhoon-iOSTests.xcconfig */,
			);
			sourceTree = "<group>";
		};
		6A2A6C44190FE4BC00811BBF /* Products */ = {
			isa = PBXGroup;
			children = (
				6A2A6C43190FE4BC00811BBF /* CoreData-Typhoon-iOS.app */,
				6A2A6C63190FE4BC00811BBF /* CoreData-Typhoon-iOSTests.xctest */,
			);
			name = Products;
			sourceTree = "<group>";
		};
		6A2A6C45190FE4BC00811BBF /* Frameworks */ = {
			isa = PBXGroup;
			children = (
				6A2A6C46190FE4BC00811BBF /* Foundation.framework */,
				6A2A6C48190FE4BC00811BBF /* CoreGraphics.framework */,
				6A2A6C4A190FE4BC00811BBF /* UIKit.framework */,
				6A2A6C4C190FE4BC00811BBF /* CoreData.framework */,
				6A2A6C64190FE4BC00811BBF /* XCTest.framework */,
				536B1792A68A49ACBC4B0FA1 /* libPods.a */,
				C791C65AA01448BBB765E790 /* libPods-CoreData-Typhoon-iOSTests.a */,
			);
			name = Frameworks;
			sourceTree = "<group>";
		};
		6A2A6C4E190FE4BC00811BBF /* CoreData-Typhoon-iOS */ = {
			isa = PBXGroup;
			children = (
				6A2A6C7B190FE61600811BBF /* CTiOSCoreDataAssembly.h */,
				6A2A6C7C190FE61600811BBF /* CTiOSCoreDataAssembly.m */,
				6A2A6C7F190FE63500811BBF /* Configuration.properties */,
				6A2A6C57190FE4BC00811BBF /* CTAppDelegate.h */,
				6A2A6C58190FE4BC00811BBF /* CTAppDelegate.m */,
				6A2A6C5D190FE4BC00811BBF /* Images.xcassets */,
				6A2A6C5A190FE4BC00811BBF /* CoreData_Typhoon_iOS.xcdatamodeld */,
				6A2A6C4F190FE4BC00811BBF /* Supporting Files */,
				CB87675B8DAF4D470DCAC107 /* Podfile */,
			);
			path = "CoreData-Typhoon-iOS";
			sourceTree = "<group>";
		};
		6A2A6C4F190FE4BC00811BBF /* Supporting Files */ = {
			isa = PBXGroup;
			children = (
				6A2A6C50190FE4BC00811BBF /* CoreData-Typhoon-iOS-Info.plist */,
				6A2A6C51190FE4BC00811BBF /* InfoPlist.strings */,
				6A2A6C54190FE4BC00811BBF /* main.m */,
				6A2A6C56190FE4BC00811BBF /* CoreData-Typhoon-iOS-Prefix.pch */,
			);
			name = "Supporting Files";
			sourceTree = "<group>";
		};
		6A2A6C6B190FE4BC00811BBF /* CoreData-Typhoon-iOSTests */ = {
			isa = PBXGroup;
			children = (
				6A2A6C71190FE4BC00811BBF /* CoreData_Typhoon_iOSTests.m */,
				6A2A6C6C190FE4BC00811BBF /* Supporting Files */,
			);
			path = "CoreData-Typhoon-iOSTests";
			sourceTree = "<group>";
		};
		6A2A6C6C190FE4BC00811BBF /* Supporting Files */ = {
			isa = PBXGroup;
			children = (
				6A2A6C6D190FE4BC00811BBF /* CoreData-Typhoon-iOSTests-Info.plist */,
				6A2A6C6E190FE4BC00811BBF /* InfoPlist.strings */,
			);
			name = "Supporting Files";
			sourceTree = "<group>";
		};
/* End PBXGroup section */

/* Begin PBXNativeTarget section */
		6A2A6C42190FE4BC00811BBF /* CoreData-Typhoon-iOS */ = {
			isa = PBXNativeTarget;
			buildConfigurationList = 6A2A6C75190FE4BC00811BBF /* Build configuration list for PBXNativeTarget "CoreData-Typhoon-iOS" */;
			buildPhases = (
				47D2EF0D3A9C4C3ABC624F95 /* Check Pods Manifest.lock */,
				6A2A6C3F190FE4BC00811BBF /* Sources */,
				6A2A6C40190FE4BC00811BBF /* Frameworks */,
				6A2A6C41190FE4BC00811BBF /* Resources */,
				6F3A18929DCD433E9A8B6B49 /* Copy Pods Resources */,
			);
			buildRules = (
			);
			dependencies = (
			);
			name = "CoreData-Typhoon-iOS";
			productName = "CoreData-Typhoon-iOS";
			productReference = 6A2A6C43190FE4BC00811BBF /* CoreData-Typhoon-iOS.app */;
			productType = "com.apple.product-type.application";
		};
		6A2A6C62190FE4BC00811BBF /* CoreData-Typhoon-iOSTests */ = {
			isa = PBXNativeTarget;
			buildConfigurationList = 6A2A6C78190FE4BC00811BBF /* Build configuration list for PBXNativeTarget "CoreData-Typhoon-iOSTests" */;
			buildPhases = (
				C6A0135B22714491B2DFEB89 /* Check Pods Manifest.lock */,
				6A2A6C5F190FE4BC00811BBF /* Sources */,
				6A2A6C60190FE4BC00811BBF /* Frameworks */,
				6A2A6C61190FE4BC00811BBF /* Resources */,
				71FB2D57FF43496199C4B435 /* Copy Pods Resources */,
			);
			buildRules = (
			);
			dependencies = (
				6A2A6C6A190FE4BC00811BBF /* PBXTargetDependency */,
			);
			name = "CoreData-Typhoon-iOSTests";
			productName = "CoreData-Typhoon-iOSTests";
			productReference = 6A2A6C63190FE4BC00811BBF /* CoreData-Typhoon-iOSTests.xctest */;
			productType = "com.apple.product-type.bundle.unit-test";
		};
/* End PBXNativeTarget section */

/* Begin PBXProject section */
		6A2A6C3B190FE4BC00811BBF /* Project object */ = {
			isa = PBXProject;
			attributes = {
				CLASSPREFIX = CT;
				LastUpgradeCheck = 0510;
				ORGANIZATIONNAME = CAPH;
			};
			buildConfigurationList = 6A2A6C3E190FE4BC00811BBF /* Build configuration list for PBXProject "CoreData-Typhoon-iOS" */;
			compatibilityVersion = "Xcode 3.2";
			developmentRegion = English;
			hasScannedForEncodings = 0;
			knownRegions = (
				en,
			);
			mainGroup = 6A2A6C3A190FE4BC00811BBF;
			productRefGroup = 6A2A6C44190FE4BC00811BBF /* Products */;
			projectDirPath = "";
			projectRoot = "";
			targets = (
				6A2A6C42190FE4BC00811BBF /* CoreData-Typhoon-iOS */,
				6A2A6C62190FE4BC00811BBF /* CoreData-Typhoon-iOSTests */,
			);
		};
/* End PBXProject section */

/* Begin PBXResourcesBuildPhase section */
		6A2A6C41190FE4BC00811BBF /* Resources */ = {
			isa = PBXResourcesBuildPhase;
			buildActionMask = 2147483647;
			files = (
				6A2A6C80190FE63500811BBF /* Configuration.properties in Resources */,
				6A2A6C53190FE4BC00811BBF /* InfoPlist.strings in Resources */,
				6A2A6C5E190FE4BC00811BBF /* Images.xcassets in Resources */,
			);
			runOnlyForDeploymentPostprocessing = 0;
		};
		6A2A6C61190FE4BC00811BBF /* Resources */ = {
			isa = PBXResourcesBuildPhase;
			buildActionMask = 2147483647;
			files = (
				6A2A6C70190FE4BC00811BBF /* InfoPlist.strings in Resources */,
				6A2A6C81190FE63500811BBF /* Configuration.properties in Resources */,
			);
			runOnlyForDeploymentPostprocessing = 0;
		};
/* End PBXResourcesBuildPhase section */

/* Begin PBXShellScriptBuildPhase section */
		47D2EF0D3A9C4C3ABC624F95 /* Check Pods Manifest.lock */ = {
			isa = PBXShellScriptBuildPhase;
			buildActionMask = 2147483647;
			files = (
			);
			inputPaths = (
			);
			name = "Check Pods Manifest.lock";
			outputPaths = (
			);
			runOnlyForDeploymentPostprocessing = 0;
			shellPath = /bin/sh;
			shellScript = "diff \"${PODS_ROOT}/../Podfile.lock\" \"${PODS_ROOT}/Manifest.lock\" > /dev/null\nif [[ $? != 0 ]] ; then\n    cat << EOM\nerror: The sandbox is not in sync with the Podfile.lock. Run 'pod install' or update your CocoaPods installation.\nEOM\n    exit 1\nfi\n";
			showEnvVarsInLog = 0;
		};
		6F3A18929DCD433E9A8B6B49 /* Copy Pods Resources */ = {
			isa = PBXShellScriptBuildPhase;
			buildActionMask = 2147483647;
			files = (
			);
			inputPaths = (
			);
			name = "Copy Pods Resources";
			outputPaths = (
			);
			runOnlyForDeploymentPostprocessing = 0;
			shellPath = /bin/sh;
			shellScript = "\"${SRCROOT}/Pods/Pods-resources.sh\"\n";
			showEnvVarsInLog = 0;
		};
		71FB2D57FF43496199C4B435 /* Copy Pods Resources */ = {
			isa = PBXShellScriptBuildPhase;
			buildActionMask = 2147483647;
			files = (
			);
			inputPaths = (
			);
			name = "Copy Pods Resources";
			outputPaths = (
			);
			runOnlyForDeploymentPostprocessing = 0;
			shellPath = /bin/sh;
			shellScript = "\"${SRCROOT}/Pods/Pods-CoreData-Typhoon-iOSTests-resources.sh\"\n";
			showEnvVarsInLog = 0;
		};
		C6A0135B22714491B2DFEB89 /* Check Pods Manifest.lock */ = {
			isa = PBXShellScriptBuildPhase;
			buildActionMask = 2147483647;
			files = (
			);
			inputPaths = (
			);
			name = "Check Pods Manifest.lock";
			outputPaths = (
			);
			runOnlyForDeploymentPostprocessing = 0;
			shellPath = /bin/sh;
			shellScript = "diff \"${PODS_ROOT}/../Podfile.lock\" \"${PODS_ROOT}/Manifest.lock\" > /dev/null\nif [[ $? != 0 ]] ; then\n    cat << EOM\nerror: The sandbox is not in sync with the Podfile.lock. Run 'pod install' or update your CocoaPods installation.\nEOM\n    exit 1\nfi\n";
			showEnvVarsInLog = 0;
		};
/* End PBXShellScriptBuildPhase section */

/* Begin PBXSourcesBuildPhase section */
		6A2A6C3F190FE4BC00811BBF /* Sources */ = {
			isa = PBXSourcesBuildPhase;
			buildActionMask = 2147483647;
			files = (
				6A2A6C5C190FE4BC00811BBF /* CoreData_Typhoon_iOS.xcdatamodeld in Sources */,
				6A2A6C55190FE4BC00811BBF /* main.m in Sources */,
				6A2A6C59190FE4BC00811BBF /* CTAppDelegate.m in Sources */,
				6A2A6C7D190FE61600811BBF /* CTiOSCoreDataAssembly.m in Sources */,
			);
			runOnlyForDeploymentPostprocessing = 0;
		};
		6A2A6C5F190FE4BC00811BBF /* Sources */ = {
			isa = PBXSourcesBuildPhase;
			buildActionMask = 2147483647;
			files = (
				6A2A6C72190FE4BC00811BBF /* CoreData_Typhoon_iOSTests.m in Sources */,
				6A2A6C7E190FE61600811BBF /* CTiOSCoreDataAssembly.m in Sources */,
				CB87625224186C5392F37310 /* CoreData_Typhoon_iOS.xcdatamodeld in Sources */,
			);
			runOnlyForDeploymentPostprocessing = 0;
		};
/* End PBXSourcesBuildPhase section */

/* Begin PBXTargetDependency section */
		6A2A6C6A190FE4BC00811BBF /* PBXTargetDependency */ = {
			isa = PBXTargetDependency;
			target = 6A2A6C42190FE4BC00811BBF /* CoreData-Typhoon-iOS */;
			targetProxy = 6A2A6C69190FE4BC00811BBF /* PBXContainerItemProxy */;
		};
/* End PBXTargetDependency section */

/* Begin PBXVariantGroup section */
		6A2A6C51190FE4BC00811BBF /* InfoPlist.strings */ = {
			isa = PBXVariantGroup;
			children = (
				6A2A6C52190FE4BC00811BBF /* en */,
			);
			name = InfoPlist.strings;
			sourceTree = "<group>";
		};
		6A2A6C6E190FE4BC00811BBF /* InfoPlist.strings */ = {
			isa = PBXVariantGroup;
			children = (
				6A2A6C6F190FE4BC00811BBF /* en */,
			);
			name = InfoPlist.strings;
			sourceTree = "<group>";
		};
/* End PBXVariantGroup section */

/* Begin XCBuildConfiguration section */
		6A2A6C73190FE4BC00811BBF /* Debug */ = {
			isa = XCBuildConfiguration;
			buildSettings = {
				ALWAYS_SEARCH_USER_PATHS = NO;
				CLANG_CXX_LANGUAGE_STANDARD = "gnu++0x";
				CLANG_CXX_LIBRARY = "libc++";
				CLANG_ENABLE_MODULES = YES;
				CLANG_ENABLE_OBJC_ARC = YES;
				CLANG_WARN_BOOL_CONVERSION = YES;
				CLANG_WARN_CONSTANT_CONVERSION = YES;
				CLANG_WARN_DIRECT_OBJC_ISA_USAGE = YES_ERROR;
				CLANG_WARN_EMPTY_BODY = YES;
				CLANG_WARN_ENUM_CONVERSION = YES;
				CLANG_WARN_INT_CONVERSION = YES;
				CLANG_WARN_OBJC_ROOT_CLASS = YES_ERROR;
				CLANG_WARN__DUPLICATE_METHOD_MATCH = YES;
				"CODE_SIGN_IDENTITY[sdk=iphoneos*]" = "iPhone Developer";
				COPY_PHASE_STRIP = NO;
				GCC_C_LANGUAGE_STANDARD = gnu99;
				GCC_DYNAMIC_NO_PIC = NO;
				GCC_OPTIMIZATION_LEVEL = 0;
				GCC_PREPROCESSOR_DEFINITIONS = (
					"DEBUG=1",
					"$(inherited)",
				);
				GCC_SYMBOLS_PRIVATE_EXTERN = NO;
				GCC_WARN_64_TO_32_BIT_CONVERSION = YES;
				GCC_WARN_ABOUT_RETURN_TYPE = YES_ERROR;
				GCC_WARN_UNDECLARED_SELECTOR = YES;
				GCC_WARN_UNINITIALIZED_AUTOS = YES_AGGRESSIVE;
				GCC_WARN_UNUSED_FUNCTION = YES;
				GCC_WARN_UNUSED_VARIABLE = YES;
				IPHONEOS_DEPLOYMENT_TARGET = 7.1;
				ONLY_ACTIVE_ARCH = YES;
				SDKROOT = iphoneos;
			};
			name = Debug;
		};
		6A2A6C74190FE4BC00811BBF /* Release */ = {
			isa = XCBuildConfiguration;
			buildSettings = {
				ALWAYS_SEARCH_USER_PATHS = NO;
				CLANG_CXX_LANGUAGE_STANDARD = "gnu++0x";
				CLANG_CXX_LIBRARY = "libc++";
				CLANG_ENABLE_MODULES = YES;
				CLANG_ENABLE_OBJC_ARC = YES;
				CLANG_WARN_BOOL_CONVERSION = YES;
				CLANG_WARN_CONSTANT_CONVERSION = YES;
				CLANG_WARN_DIRECT_OBJC_ISA_USAGE = YES_ERROR;
				CLANG_WARN_EMPTY_BODY = YES;
				CLANG_WARN_ENUM_CONVERSION = YES;
				CLANG_WARN_INT_CONVERSION = YES;
				CLANG_WARN_OBJC_ROOT_CLASS = YES_ERROR;
				CLANG_WARN__DUPLICATE_METHOD_MATCH = YES;
				"CODE_SIGN_IDENTITY[sdk=iphoneos*]" = "iPhone Developer";
				COPY_PHASE_STRIP = YES;
				ENABLE_NS_ASSERTIONS = NO;
				GCC_C_LANGUAGE_STANDARD = gnu99;
				GCC_WARN_64_TO_32_BIT_CONVERSION = YES;
				GCC_WARN_ABOUT_RETURN_TYPE = YES_ERROR;
				GCC_WARN_UNDECLARED_SELECTOR = YES;
				GCC_WARN_UNINITIALIZED_AUTOS = YES_AGGRESSIVE;
				GCC_WARN_UNUSED_FUNCTION = YES;
				GCC_WARN_UNUSED_VARIABLE = YES;
				IPHONEOS_DEPLOYMENT_TARGET = 7.1;
				SDKROOT = iphoneos;
				VALIDATE_PRODUCT = YES;
			};
			name = Release;
		};
		6A2A6C76190FE4BC00811BBF /* Debug */ = {
			isa = XCBuildConfiguration;
			baseConfigurationReference = 39054A9990DF400486BE1A9F /* Pods.xcconfig */;
			buildSettings = {
				ASSETCATALOG_COMPILER_APPICON_NAME = AppIcon;
				ASSETCATALOG_COMPILER_LAUNCHIMAGE_NAME = LaunchImage;
				GCC_PRECOMPILE_PREFIX_HEADER = YES;
				GCC_PREFIX_HEADER = "CoreData-Typhoon-iOS/CoreData-Typhoon-iOS-Prefix.pch";
				INFOPLIST_FILE = "CoreData-Typhoon-iOS/CoreData-Typhoon-iOS-Info.plist";
				PRODUCT_NAME = "$(TARGET_NAME)";
				WRAPPER_EXTENSION = app;
			};
			name = Debug;
		};
		6A2A6C77190FE4BC00811BBF /* Release */ = {
			isa = XCBuildConfiguration;
			baseConfigurationReference = 39054A9990DF400486BE1A9F /* Pods.xcconfig */;
			buildSettings = {
				ASSETCATALOG_COMPILER_APPICON_NAME = AppIcon;
				ASSETCATALOG_COMPILER_LAUNCHIMAGE_NAME = LaunchImage;
				GCC_PRECOMPILE_PREFIX_HEADER = YES;
				GCC_PREFIX_HEADER = "CoreData-Typhoon-iOS/CoreData-Typhoon-iOS-Prefix.pch";
				INFOPLIST_FILE = "CoreData-Typhoon-iOS/CoreData-Typhoon-iOS-Info.plist";
				PRODUCT_NAME = "$(TARGET_NAME)";
				WRAPPER_EXTENSION = app;
			};
			name = Release;
		};
		6A2A6C79190FE4BC00811BBF /* Debug */ = {
			isa = XCBuildConfiguration;
			baseConfigurationReference = 4586701C405449E39BCC8158 /* Pods-CoreData-Typhoon-iOSTests.xcconfig */;
			buildSettings = {
				FRAMEWORK_SEARCH_PATHS = (
					"$(SDKROOT)/Developer/Library/Frameworks",
					"$(inherited)",
					"$(DEVELOPER_FRAMEWORKS_DIR)",
				);
				GCC_PRECOMPILE_PREFIX_HEADER = YES;
				GCC_PREFIX_HEADER = "CoreData-Typhoon-iOS/CoreData-Typhoon-iOS-Prefix.pch";
				GCC_PREPROCESSOR_DEFINITIONS = (
					"DEBUG=1",
					"$(inherited)",
				);
				INFOPLIST_FILE = "CoreData-Typhoon-iOSTests/CoreData-Typhoon-iOSTests-Info.plist";
				PRODUCT_NAME = "$(TARGET_NAME)";
				USER_HEADER_SEARCH_PATHS = "\"${PROJECT_DIR}/Pods\"/**";
				WRAPPER_EXTENSION = xctest;
			};
			name = Debug;
		};
		6A2A6C7A190FE4BC00811BBF /* Release */ = {
			isa = XCBuildConfiguration;
			baseConfigurationReference = 4586701C405449E39BCC8158 /* Pods-CoreData-Typhoon-iOSTests.xcconfig */;
			buildSettings = {
				FRAMEWORK_SEARCH_PATHS = (
					"$(SDKROOT)/Developer/Library/Frameworks",
					"$(inherited)",
					"$(DEVELOPER_FRAMEWORKS_DIR)",
				);
				GCC_PRECOMPILE_PREFIX_HEADER = YES;
				GCC_PREFIX_HEADER = "CoreData-Typhoon-iOS/CoreData-Typhoon-iOS-Prefix.pch";
				INFOPLIST_FILE = "CoreData-Typhoon-iOSTests/CoreData-Typhoon-iOSTests-Info.plist";
				PRODUCT_NAME = "$(TARGET_NAME)";
				USER_HEADER_SEARCH_PATHS = "\"${PROJECT_DIR}/Pods\"/**";
				WRAPPER_EXTENSION = xctest;
			};
			name = Release;
		};
/* End XCBuildConfiguration section */

/* Begin XCConfigurationList section */
		6A2A6C3E190FE4BC00811BBF /* Build configuration list for PBXProject "CoreData-Typhoon-iOS" */ = {
			isa = XCConfigurationList;
			buildConfigurations = (
				6A2A6C73190FE4BC00811BBF /* Debug */,
				6A2A6C74190FE4BC00811BBF /* Release */,
			);
			defaultConfigurationIsVisible = 0;
			defaultConfigurationName = Release;
		};
		6A2A6C75190FE4BC00811BBF /* Build configuration list for PBXNativeTarget "CoreData-Typhoon-iOS" */ = {
			isa = XCConfigurationList;
			buildConfigurations = (
				6A2A6C76190FE4BC00811BBF /* Debug */,
				6A2A6C77190FE4BC00811BBF /* Release */,
			);
			defaultConfigurationIsVisible = 0;
			defaultConfigurationName = Release;
		};
		6A2A6C78190FE4BC00811BBF /* Build configuration list for PBXNativeTarget "CoreData-Typhoon-iOSTests" */ = {
			isa = XCConfigurationList;
			buildConfigurations = (
				6A2A6C79190FE4BC00811BBF /* Debug */,
				6A2A6C7A190FE4BC00811BBF /* Release */,
			);
			defaultConfigurationIsVisible = 0;
			defaultConfigurationName = Release;
		};
/* End XCConfigurationList section */

/* Begin XCVersionGroup section */
		6A2A6C5A190FE4BC00811BBF /* CoreData_Typhoon_iOS.xcdatamodeld */ = {
			isa = XCVersionGroup;
			children = (
				6A2A6C5B190FE4BC00811BBF /* CoreData_Typhoon_iOS.xcdatamodel */,
			);
			currentVersion = 6A2A6C5B190FE4BC00811BBF /* CoreData_Typhoon_iOS.xcdatamodel */;
			path = CoreData_Typhoon_iOS.xcdatamodeld;
			sourceTree = "<group>";
			versionGroupType = wrapper.xcdatamodel;
		};
/* End XCVersionGroup section */
	};
	rootObject = 6A2A6C3B190FE4BC00811BBF /* Project object */;
}
